
Microsoft Visual Studio Solution File, Format Version 12.00
# Visual Studio Version 16
VisualStudioVersion = 16.0.29613.14
MinimumVisualStudioVersion = 10.0.40219.1
Project("{9A19103F-16F7-4668-BE54-9A1E7A4F7556}") = "Estoque.Orquestrador", "src\Estoque.Aplicacao\Presentation\Estoque.Orquestrador.csproj", "{A638AA52-7957-4216-B463-F8C03A700F7A}"
EndProject
Project("{9A19103F-16F7-4668-BE54-9A1E7A4F7556}") = "Estoque.Dominio", "src\Estoque.Dominio\Estoque.Dominio.csproj", "{02933EB8-585F-4F8D-9590-080FE6C1A890}"
EndProject
Project("{9A19103F-16F7-4668-BE54-9A1E7A4F7556}") = "Estoque.Infra.Dal", "src\Estoque.Infra\DAL\Estoque.Infra.Dal.csproj", "{8DE3F448-1838-4F4A-A9AD-4424DF841727}"
EndProject
Project("{2150E333-8FDC-42A3-9474-1A3956D46DE8}") = "1-Aplicacao", "1-Aplicacao", "{86EAF321-A31A-4D8E-BE5D-8874AF630379}"
EndProject
Project("{2150E333-8FDC-42A3-9474-1A3956D46DE8}") = "2-Dominio", "2-Dominio", "{CDC252B4-3371-44F0-8907-D0FC23A4DB67}"
EndProject
Project("{2150E333-8FDC-42A3-9474-1A3956D46DE8}") = "3-Infra", "3-Infra", "{8B0500C8-4B92-4E24-9787-7796D94FEF72}"
EndProject
Project("{2150E333-8FDC-42A3-9474-1A3956D46DE8}") = "CrossCutting.IOC", "CrossCutting.IOC", "{21722042-751F-4793-805A-8F4F394DC12B}"
EndProject
Project("{2150E333-8FDC-42A3-9474-1A3956D46DE8}") = "DAL", "DAL", "{F1EC24DC-762F-484E-8A32-00C2C2DC9617}"
EndProject
Project("{9A19103F-16F7-4668-BE54-9A1E7A4F7556}") = "Estoque.Infra.CrossCutting.IoC", "src\Estoque.Infra\CrossCutting\Estoque.Infra.CrossCutting.IoC\Estoque.Infra.CrossCutting.IoC.csproj", "{4D6A3A9A-6AEC-41BD-AAE1-E998D1650FC8}"
EndProject
Project("{2150E333-8FDC-42A3-9474-1A3956D46DE8}") = "Apresentacao", "Apresentacao", "{CB8F50AA-3076-495D-93A9-5EEC420CB583}"
EndProject
Project("{2150E333-8FDC-42A3-9474-1A3956D46DE8}") = "Servicos", "Servicos", "{EA1B80DC-9003-4C19-93A6-ECD44778B54F}"
EndProject
Project("{9A19103F-16F7-4668-BE54-9A1E7A4F7556}") = "Estoque.Aplicacao.Services", "src\Estoque.Aplicacao\Services\Estoque.Aplicacao.Services\Estoque.Aplicacao.Services.csproj", "{174A8A70-E553-476D-807A-4B198109482F}"
EndProject
Global
	GlobalSection(SolutionConfigurationPlatforms) = preSolution
		Debug|Any CPU = Debug|Any CPU
		Release|Any CPU = Release|Any CPU
	EndGlobalSection
	GlobalSection(ProjectConfigurationPlatforms) = postSolution
		{A638AA52-7957-4216-B463-F8C03A700F7A}.Debug|Any CPU.ActiveCfg = Debug|Any CPU
		{A638AA52-7957-4216-B463-F8C03A700F7A}.Debug|Any CPU.Build.0 = Debug|Any CPU
		{A638AA52-7957-4216-B463-F8C03A700F7A}.Release|Any CPU.ActiveCfg = Release|Any CPU
		{A638AA52-7957-4216-B463-F8C03A700F7A}.Release|Any CPU.Build.0 = Release|Any CPU
		{02933EB8-585F-4F8D-9590-080FE6C1A890}.Debug|Any CPU.ActiveCfg = Debug|Any CPU
		{02933EB8-585F-4F8D-9590-080FE6C1A890}.Debug|Any CPU.Build.0 = Debug|Any CPU
		{02933EB8-585F-4F8D-9590-080FE6C1A890}.Release|Any CPU.ActiveCfg = Release|Any CPU
		{02933EB8-585F-4F8D-9590-080FE6C1A890}.Release|Any CPU.Build.0 = Release|Any CPU
		{8DE3F448-1838-4F4A-A9AD-4424DF841727}.Debug|Any CPU.ActiveCfg = Debug|Any CPU
		{8DE3F448-1838-4F4A-A9AD-4424DF841727}.Debug|Any CPU.Build.0 = Debug|Any CPU
		{8DE3F448-1838-4F4A-A9AD-4424DF841727}.Release|Any CPU.ActiveCfg = Release|Any CPU
		{8DE3F448-1838-4F4A-A9AD-4424DF841727}.Release|Any CPU.Build.0 = Release|Any CPU
		{4D6A3A9A-6AEC-41BD-AAE1-E998D1650FC8}.Debug|Any CPU.ActiveCfg = Debug|Any CPU
		{4D6A3A9A-6AEC-41BD-AAE1-E998D1650FC8}.Debug|Any CPU.Build.0 = Debug|Any CPU
		{4D6A3A9A-6AEC-41BD-AAE1-E998D1650FC8}.Release|Any CPU.ActiveCfg = Release|Any CPU
		{4D6A3A9A-6AEC-41BD-AAE1-E998D1650FC8}.Release|Any CPU.Build.0 = Release|Any CPU
		{174A8A70-E553-476D-807A-4B198109482F}.Debug|Any CPU.ActiveCfg = Debug|Any CPU
		{174A8A70-E553-476D-807A-4B198109482F}.Debug|Any CPU.Build.0 = Debug|Any CPU
		{174A8A70-E553-476D-807A-4B198109482F}.Release|Any CPU.ActiveCfg = Release|Any CPU
		{174A8A70-E553-476D-807A-4B198109482F}.Release|Any CPU.Build.0 = Release|Any CPU
	EndGlobalSection
	GlobalSection(SolutionProperties) = preSolution
		HideSolutionNode = FALSE
	EndGlobalSection
	GlobalSection(NestedProjects) = preSolution
		{A638AA52-7957-4216-B463-F8C03A700F7A} = {CB8F50AA-3076-495D-93A9-5EEC420CB583}
		{02933EB8-585F-4F8D-9590-080FE6C1A890} = {CDC252B4-3371-44F0-8907-D0FC23A4DB67}
		{8DE3F448-1838-4F4A-A9AD-4424DF841727} = {F1EC24DC-762F-484E-8A32-00C2C2DC9617}
		{21722042-751F-4793-805A-8F4F394DC12B} = {8B0500C8-4B92-4E24-9787-7796D94FEF72}
		{F1EC24DC-762F-484E-8A32-00C2C2DC9617} = {8B0500C8-4B92-4E24-9787-7796D94FEF72}
		{4D6A3A9A-6AEC-41BD-AAE1-E998D1650FC8} = {21722042-751F-4793-805A-8F4F394DC12B}
		{CB8F50AA-3076-495D-93A9-5EEC420CB583} = {86EAF321-A31A-4D8E-BE5D-8874AF630379}
		{EA1B80DC-9003-4C19-93A6-ECD44778B54F} = {86EAF321-A31A-4D8E-BE5D-8874AF630379}
		{174A8A70-E553-476D-807A-4B198109482F} = {EA1B80DC-9003-4C19-93A6-ECD44778B54F}
	EndGlobalSection
	GlobalSection(ExtensibilityGlobals) = postSolution
		SolutionGuid = {C59DBE48-064A-429B-962F-FAB9C1024C7F}
	EndGlobalSection
EndGlobal
